
Microsoft Visual Studio Solution File, Format Version 12.00
# Visual Studio Version 16
VisualStudioVersion = 16.0.28922.388
MinimumVisualStudioVersion = 10.0.40219.1
Project("{FAE04EC0-301F-11D3-BF4B-00C04F79EFBC}") = "Hotfix Applicator", "Hotfix Applicator\Hotfix Applicator.csproj", "{26D73AE1-908D-42D4-9561-21C67A9B1216}"
EndProject
Global
	GlobalSection(SolutionConfigurationPlatforms) = preSolution
		Debug|Any CPU = Debug|Any CPU
		Release|Any CPU = Release|Any CPU
	EndGlobalSection
	GlobalSection(ProjectConfigurationPlatforms) = postSolution
		{26D73AE1-908D-42D4-9561-21C67A9B1216}.Debug|Any CPU.ActiveCfg = Debug|Any CPU
		{26D73AE1-908D-42D4-9561-21C67A9B1216}.Debug|Any CPU.Build.0 = Debug|Any CPU
		{26D73AE1-908D-42D4-9561-21C67A9B1216}.Release|Any CPU.ActiveCfg = Release|Any CPU
		{26D73AE1-908D-42D4-9561-21C67A9B1216}.Release|Any CPU.Build.0 = Release|Any CPU
	EndGlobalSection
	GlobalSection(SolutionProperties) = preSolution
		HideSolutionNode = FALSE
	EndGlobalSection
	GlobalSection(ExtensibilityGlobals) = postSolution
		SolutionGuid = {A2601C6D-C357-4B34-B8BF-3ACC81FE2062}
	EndGlobalSection
EndGlobal
